
Microsoft Visual Studio Solution File, Format Version 12.00
# Visual Studio 15
VisualStudioVersion = 15.0.28307.136
MinimumVisualStudioVersion = 10.0.40219.1
Project("{FAE04EC0-301F-11D3-BF4B-00C04F79EFBC}") = "DataTransformations", "DataTransformations\DataTransformations.csproj", "{F06663CE-2B2A-4C46-8459-585DC8E45FAA}"
EndProject
Global
	GlobalSection(SolutionConfigurationPlatforms) = preSolution
		Debug|Any CPU = Debug|Any CPU
		Release|Any CPU = Release|Any CPU
	EndGlobalSection
	GlobalSection(ProjectConfigurationPlatforms) = postSolution
		{F06663CE-2B2A-4C46-8459-585DC8E45FAA}.Debug|Any CPU.ActiveCfg = Debug|Any CPU
		{F06663CE-2B2A-4C46-8459-585DC8E45FAA}.Debug|Any CPU.Build.0 = Debug|Any CPU
		{F06663CE-2B2A-4C46-8459-585DC8E45FAA}.Release|Any CPU.ActiveCfg = Release|Any CPU
		{F06663CE-2B2A-4C46-8459-585DC8E45FAA}.Release|Any CPU.Build.0 = Release|Any CPU
	EndGlobalSection
	GlobalSection(SolutionProperties) = preSolution
		HideSolutionNode = FALSE
	EndGlobalSection
	GlobalSection(ExtensibilityGlobals) = postSolution
		SolutionGuid = {6434CC73-1FD9-48E6-801F-2072C2BCEC04}
	EndGlobalSection
EndGlobal
