
Microsoft Visual Studio Solution File, Format Version 12.00
# Visual Studio 15
VisualStudioVersion = 15.0.28010.2046
MinimumVisualStudioVersion = 10.0.40219.1
Project("{FAE04EC0-301F-11D3-BF4B-00C04F79EFBC}") = "Form09_ListView_MaskTextBox", "Form09_ListView_MaskTextBox\Form09_ListView_MaskTextBox.csproj", "{C283DC19-54EE-4B7F-A118-CF670E3756B7}"
EndProject
Global
	GlobalSection(SolutionConfigurationPlatforms) = preSolution
		Debug|Any CPU = Debug|Any CPU
		Release|Any CPU = Release|Any CPU
	EndGlobalSection
	GlobalSection(ProjectConfigurationPlatforms) = postSolution
		{C283DC19-54EE-4B7F-A118-CF670E3756B7}.Debug|Any CPU.ActiveCfg = Debug|Any CPU
		{C283DC19-54EE-4B7F-A118-CF670E3756B7}.Debug|Any CPU.Build.0 = Debug|Any CPU
		{C283DC19-54EE-4B7F-A118-CF670E3756B7}.Release|Any CPU.ActiveCfg = Release|Any CPU
		{C283DC19-54EE-4B7F-A118-CF670E3756B7}.Release|Any CPU.Build.0 = Release|Any CPU
	EndGlobalSection
	GlobalSection(SolutionProperties) = preSolution
		HideSolutionNode = FALSE
	EndGlobalSection
	GlobalSection(ExtensibilityGlobals) = postSolution
		SolutionGuid = {813D22F3-E455-45D3-AC70-E9AD23739C75}
	EndGlobalSection
EndGlobal
