
Microsoft Visual Studio Solution File, Format Version 12.00
# Visual Studio 15
VisualStudioVersion = 15.0.28307.329
MinimumVisualStudioVersion = 10.0.40219.1
Project("{FAE04EC0-301F-11D3-BF4B-00C04F79EFBC}") = "SQLDB", "SQLDB\SQLDB.csproj", "{61887D6F-BA6A-409D-9485-8358E691F0B6}"
EndProject
Global
	GlobalSection(SolutionConfigurationPlatforms) = preSolution
		Debug|Any CPU = Debug|Any CPU
		Release|Any CPU = Release|Any CPU
	EndGlobalSection
	GlobalSection(ProjectConfigurationPlatforms) = postSolution
		{61887D6F-BA6A-409D-9485-8358E691F0B6}.Debug|Any CPU.ActiveCfg = Debug|Any CPU
		{61887D6F-BA6A-409D-9485-8358E691F0B6}.Debug|Any CPU.Build.0 = Debug|Any CPU
		{61887D6F-BA6A-409D-9485-8358E691F0B6}.Release|Any CPU.ActiveCfg = Release|Any CPU
		{61887D6F-BA6A-409D-9485-8358E691F0B6}.Release|Any CPU.Build.0 = Release|Any CPU
	EndGlobalSection
	GlobalSection(SolutionProperties) = preSolution
		HideSolutionNode = FALSE
	EndGlobalSection
	GlobalSection(ExtensibilityGlobals) = postSolution
		SolutionGuid = {B014D478-259F-4BB3-AB01-22AA32437F9E}
	EndGlobalSection
EndGlobal
