
Microsoft Visual Studio Solution File, Format Version 12.00
# Visual Studio 15
VisualStudioVersion = 15.0.28010.2048
MinimumVisualStudioVersion = 10.0.40219.1
Project("{FAE04EC0-301F-11D3-BF4B-00C04F79EFBC}") = "Form14", "Form14\Form14.csproj", "{5885D748-8160-41F3-B8EF-AA1FE1BD5583}"
EndProject
Global
	GlobalSection(SolutionConfigurationPlatforms) = preSolution
		Debug|Any CPU = Debug|Any CPU
		Release|Any CPU = Release|Any CPU
	EndGlobalSection
	GlobalSection(ProjectConfigurationPlatforms) = postSolution
		{5885D748-8160-41F3-B8EF-AA1FE1BD5583}.Debug|Any CPU.ActiveCfg = Debug|Any CPU
		{5885D748-8160-41F3-B8EF-AA1FE1BD5583}.Debug|Any CPU.Build.0 = Debug|Any CPU
		{5885D748-8160-41F3-B8EF-AA1FE1BD5583}.Release|Any CPU.ActiveCfg = Release|Any CPU
		{5885D748-8160-41F3-B8EF-AA1FE1BD5583}.Release|Any CPU.Build.0 = Release|Any CPU
	EndGlobalSection
	GlobalSection(SolutionProperties) = preSolution
		HideSolutionNode = FALSE
	EndGlobalSection
	GlobalSection(ExtensibilityGlobals) = postSolution
		SolutionGuid = {9F83C61C-FA87-4402-B065-2E03BB9A1A7D}
	EndGlobalSection
EndGlobal
