
Microsoft Visual Studio Solution File, Format Version 12.00
# Visual Studio 15
VisualStudioVersion = 15.0.28010.2036
MinimumVisualStudioVersion = 10.0.40219.1
Project("{FAE04EC0-301F-11D3-BF4B-00C04F79EFBC}") = "Form02", "Form02\Form02.csproj", "{24E1635F-CEC6-4947-932E-F325E164ED8B}"
EndProject
Global
	GlobalSection(SolutionConfigurationPlatforms) = preSolution
		Debug|Any CPU = Debug|Any CPU
		Release|Any CPU = Release|Any CPU
	EndGlobalSection
	GlobalSection(ProjectConfigurationPlatforms) = postSolution
		{24E1635F-CEC6-4947-932E-F325E164ED8B}.Debug|Any CPU.ActiveCfg = Debug|Any CPU
		{24E1635F-CEC6-4947-932E-F325E164ED8B}.Debug|Any CPU.Build.0 = Debug|Any CPU
		{24E1635F-CEC6-4947-932E-F325E164ED8B}.Release|Any CPU.ActiveCfg = Release|Any CPU
		{24E1635F-CEC6-4947-932E-F325E164ED8B}.Release|Any CPU.Build.0 = Release|Any CPU
	EndGlobalSection
	GlobalSection(SolutionProperties) = preSolution
		HideSolutionNode = FALSE
	EndGlobalSection
	GlobalSection(ExtensibilityGlobals) = postSolution
		SolutionGuid = {B4C91668-0905-470B-B97A-A0BA4C664437}
	EndGlobalSection
EndGlobal
