
Microsoft Visual Studio Solution File, Format Version 12.00
# Visual Studio 15
VisualStudioVersion = 15.0.28010.2036
MinimumVisualStudioVersion = 10.0.40219.1
Project("{FAE04EC0-301F-11D3-BF4B-00C04F79EFBC}") = "Form8", "Form8\Form8.csproj", "{DC366094-F949-4703-818F-807A7D17D98D}"
EndProject
Global
	GlobalSection(SolutionConfigurationPlatforms) = preSolution
		Debug|Any CPU = Debug|Any CPU
		Release|Any CPU = Release|Any CPU
	EndGlobalSection
	GlobalSection(ProjectConfigurationPlatforms) = postSolution
		{DC366094-F949-4703-818F-807A7D17D98D}.Debug|Any CPU.ActiveCfg = Debug|Any CPU
		{DC366094-F949-4703-818F-807A7D17D98D}.Debug|Any CPU.Build.0 = Debug|Any CPU
		{DC366094-F949-4703-818F-807A7D17D98D}.Release|Any CPU.ActiveCfg = Release|Any CPU
		{DC366094-F949-4703-818F-807A7D17D98D}.Release|Any CPU.Build.0 = Release|Any CPU
	EndGlobalSection
	GlobalSection(SolutionProperties) = preSolution
		HideSolutionNode = FALSE
	EndGlobalSection
	GlobalSection(ExtensibilityGlobals) = postSolution
		SolutionGuid = {81D77E56-F0B7-407F-AFA9-78C7754A41C6}
	EndGlobalSection
EndGlobal
