
Microsoft Visual Studio Solution File, Format Version 12.00
# Visual Studio 15
VisualStudioVersion = 15.0.28307.329
MinimumVisualStudioVersion = 10.0.40219.1
Project("{FAE04EC0-301F-11D3-BF4B-00C04F79EFBC}") = "Lab2", "Lab2\Lab2.csproj", "{C16C3BD8-9F02-47A0-A5DF-49B2D976093D}"
EndProject
Global
	GlobalSection(SolutionConfigurationPlatforms) = preSolution
		Debug|Any CPU = Debug|Any CPU
		Release|Any CPU = Release|Any CPU
	EndGlobalSection
	GlobalSection(ProjectConfigurationPlatforms) = postSolution
		{C16C3BD8-9F02-47A0-A5DF-49B2D976093D}.Debug|Any CPU.ActiveCfg = Debug|Any CPU
		{C16C3BD8-9F02-47A0-A5DF-49B2D976093D}.Debug|Any CPU.Build.0 = Debug|Any CPU
		{C16C3BD8-9F02-47A0-A5DF-49B2D976093D}.Release|Any CPU.ActiveCfg = Release|Any CPU
		{C16C3BD8-9F02-47A0-A5DF-49B2D976093D}.Release|Any CPU.Build.0 = Release|Any CPU
	EndGlobalSection
	GlobalSection(SolutionProperties) = preSolution
		HideSolutionNode = FALSE
	EndGlobalSection
	GlobalSection(ExtensibilityGlobals) = postSolution
		SolutionGuid = {81F2053A-5F67-4273-B0B3-78D5096B1AB6}
	EndGlobalSection
EndGlobal
