
Microsoft Visual Studio Solution File, Format Version 12.00
# Visual Studio 15
VisualStudioVersion = 15.0.28307.329
MinimumVisualStudioVersion = 10.0.40219.1
Project("{FAE04EC0-301F-11D3-BF4B-00C04F79EFBC}") = "Lab3", "Lab3\Lab3.csproj", "{0C40C304-0845-4BF0-A3AA-629D81413D64}"
EndProject
Global
	GlobalSection(SolutionConfigurationPlatforms) = preSolution
		Debug|Any CPU = Debug|Any CPU
		Release|Any CPU = Release|Any CPU
	EndGlobalSection
	GlobalSection(ProjectConfigurationPlatforms) = postSolution
		{0C40C304-0845-4BF0-A3AA-629D81413D64}.Debug|Any CPU.ActiveCfg = Debug|Any CPU
		{0C40C304-0845-4BF0-A3AA-629D81413D64}.Debug|Any CPU.Build.0 = Debug|Any CPU
		{0C40C304-0845-4BF0-A3AA-629D81413D64}.Release|Any CPU.ActiveCfg = Release|Any CPU
		{0C40C304-0845-4BF0-A3AA-629D81413D64}.Release|Any CPU.Build.0 = Release|Any CPU
	EndGlobalSection
	GlobalSection(SolutionProperties) = preSolution
		HideSolutionNode = FALSE
	EndGlobalSection
	GlobalSection(ExtensibilityGlobals) = postSolution
		SolutionGuid = {74FC7945-96E0-4774-8DA2-84E6C7372437}
	EndGlobalSection
EndGlobal
