
Microsoft Visual Studio Solution File, Format Version 12.00
# Visual Studio 15
VisualStudioVersion = 15.0.28010.2048
MinimumVisualStudioVersion = 10.0.40219.1
Project("{FAE04EC0-301F-11D3-BF4B-00C04F79EFBC}") = "Bai2", "Bai2\Bai2.csproj", "{08B511F9-5BDE-41D7-86A6-F9F1992BCCF9}"
EndProject
Global
	GlobalSection(SolutionConfigurationPlatforms) = preSolution
		Debug|Any CPU = Debug|Any CPU
		Release|Any CPU = Release|Any CPU
	EndGlobalSection
	GlobalSection(ProjectConfigurationPlatforms) = postSolution
		{08B511F9-5BDE-41D7-86A6-F9F1992BCCF9}.Debug|Any CPU.ActiveCfg = Debug|Any CPU
		{08B511F9-5BDE-41D7-86A6-F9F1992BCCF9}.Debug|Any CPU.Build.0 = Debug|Any CPU
		{08B511F9-5BDE-41D7-86A6-F9F1992BCCF9}.Release|Any CPU.ActiveCfg = Release|Any CPU
		{08B511F9-5BDE-41D7-86A6-F9F1992BCCF9}.Release|Any CPU.Build.0 = Release|Any CPU
	EndGlobalSection
	GlobalSection(SolutionProperties) = preSolution
		HideSolutionNode = FALSE
	EndGlobalSection
	GlobalSection(ExtensibilityGlobals) = postSolution
		SolutionGuid = {149CAB08-96E2-4302-9567-5088BDE09B88}
	EndGlobalSection
EndGlobal
