
Microsoft Visual Studio Solution File, Format Version 12.00
# Visual Studio 15
VisualStudioVersion = 15.0.28307.421
MinimumVisualStudioVersion = 10.0.40219.1
Project("{FAE04EC0-301F-11D3-BF4B-00C04F79EFBC}") = "BTH4_Vadilation", "BTH4_Vadilation\BTH4_Vadilation.csproj", "{AB711294-13BD-46D0-B178-A7BAB7E2F8FC}"
EndProject
Global
	GlobalSection(SolutionConfigurationPlatforms) = preSolution
		Debug|Any CPU = Debug|Any CPU
		Release|Any CPU = Release|Any CPU
	EndGlobalSection
	GlobalSection(ProjectConfigurationPlatforms) = postSolution
		{AB711294-13BD-46D0-B178-A7BAB7E2F8FC}.Debug|Any CPU.ActiveCfg = Debug|Any CPU
		{AB711294-13BD-46D0-B178-A7BAB7E2F8FC}.Debug|Any CPU.Build.0 = Debug|Any CPU
		{AB711294-13BD-46D0-B178-A7BAB7E2F8FC}.Release|Any CPU.ActiveCfg = Release|Any CPU
		{AB711294-13BD-46D0-B178-A7BAB7E2F8FC}.Release|Any CPU.Build.0 = Release|Any CPU
	EndGlobalSection
	GlobalSection(SolutionProperties) = preSolution
		HideSolutionNode = FALSE
	EndGlobalSection
	GlobalSection(ExtensibilityGlobals) = postSolution
		SolutionGuid = {CED5FF1C-A47A-42C5-A0EA-63240E63BE4F}
	EndGlobalSection
EndGlobal
